
Microsoft Visual Studio Solution File, Format Version 12.00
# Visual Studio Version 17
VisualStudioVersion = 17.6.33712.159
MinimumVisualStudioVersion = 10.0.40219.1
Project("{FAE04EC0-301F-11D3-BF4B-00C04F79EFBC}") = "CALCULADOR_DG", "CALCULADOR_DG\CALCULADOR_DG.csproj", "{E50B0DB7-A385-45E7-A777-220DF8588385}"
EndProject
Global
	GlobalSection(SolutionConfigurationPlatforms) = preSolution
		Debug|Any CPU = Debug|Any CPU
		Release|Any CPU = Release|Any CPU
	EndGlobalSection
	GlobalSection(ProjectConfigurationPlatforms) = postSolution
		{E50B0DB7-A385-45E7-A777-220DF8588385}.Debug|Any CPU.ActiveCfg = Debug|Any CPU
		{E50B0DB7-A385-45E7-A777-220DF8588385}.Debug|Any CPU.Build.0 = Debug|Any CPU
		{E50B0DB7-A385-45E7-A777-220DF8588385}.Release|Any CPU.ActiveCfg = Release|Any CPU
		{E50B0DB7-A385-45E7-A777-220DF8588385}.Release|Any CPU.Build.0 = Release|Any CPU
	EndGlobalSection
	GlobalSection(SolutionProperties) = preSolution
		HideSolutionNode = FALSE
	EndGlobalSection
	GlobalSection(ExtensibilityGlobals) = postSolution
		SolutionGuid = {1BFA07A6-08DB-4468-9ABB-06DD39069EA3}
	EndGlobalSection
EndGlobal
